
Microsoft Visual Studio Solution File, Format Version 12.00
# Visual Studio 15
VisualStudioVersion = 15.0.26206.0
MinimumVisualStudioVersion = 10.0.40219.1
Project("{8BC9CEB8-8B4A-11D0-8D11-00A0C91BC942}") = "strings", "..\string\strings.vcxproj", "{C7581EEA-91E2-4822-806E-5225717C6192}"
EndProject
Project("{8BC9CEB8-8B4A-11D0-8D11-00A0C91BC942}") = "linkedlist", "..\linkedlist\linkedlist.vcxproj", "{E098FCBC-55E5-4D1F-92C6-8C305A7306FB}"
EndProject
Project("{8BC9CEB8-8B4A-11D0-8D11-00A0C91BC942}") = "msc", "..\msc\msc.vcxproj", "{1318B8F1-23F7-41F3-9D25-4A6E22440559}"
EndProject
Project("{FAE04EC0-301F-11D3-BF4B-00C04F79EFBC}") = "trees", "..\trees\trees.csproj", "{D3673767-EA97-4DD2-B4A2-72FECF094CC9}"
EndProject
Project("{FAE04EC0-301F-11D3-BF4B-00C04F79EFBC}") = "stacks", "..\stacks\stacks.csproj", "{E8A169C6-94C6-4627-BFE6-A01CCB356154}"
EndProject
Project("{FAE04EC0-301F-11D3-BF4B-00C04F79EFBC}") = "queues", "..\queues\queues.csproj", "{EA4263CA-4324-4C65-A20D-CEA9C920AFA1}"
EndProject
Global
	GlobalSection(SolutionConfigurationPlatforms) = preSolution
		Debug|Any CPU = Debug|Any CPU
		Debug|Win32 = Debug|Win32
		Debug|x64 = Debug|x64
		Release|Any CPU = Release|Any CPU
		Release|Win32 = Release|Win32
		Release|x64 = Release|x64
	EndGlobalSection
	GlobalSection(ProjectConfigurationPlatforms) = postSolution
		{C7581EEA-91E2-4822-806E-5225717C6192}.Debug|Any CPU.ActiveCfg = Debug|Win32
		{C7581EEA-91E2-4822-806E-5225717C6192}.Debug|Win32.ActiveCfg = Debug|Win32
		{C7581EEA-91E2-4822-806E-5225717C6192}.Debug|Win32.Build.0 = Debug|Win32
		{C7581EEA-91E2-4822-806E-5225717C6192}.Debug|x64.ActiveCfg = Debug|Win32
		{C7581EEA-91E2-4822-806E-5225717C6192}.Release|Any CPU.ActiveCfg = Release|Win32
		{C7581EEA-91E2-4822-806E-5225717C6192}.Release|Win32.ActiveCfg = Release|Win32
		{C7581EEA-91E2-4822-806E-5225717C6192}.Release|Win32.Build.0 = Release|Win32
		{C7581EEA-91E2-4822-806E-5225717C6192}.Release|x64.ActiveCfg = Release|Win32
		{E098FCBC-55E5-4D1F-92C6-8C305A7306FB}.Debug|Any CPU.ActiveCfg = Debug|Win32
		{E098FCBC-55E5-4D1F-92C6-8C305A7306FB}.Debug|Win32.ActiveCfg = Debug|Win32
		{E098FCBC-55E5-4D1F-92C6-8C305A7306FB}.Debug|Win32.Build.0 = Debug|Win32
		{E098FCBC-55E5-4D1F-92C6-8C305A7306FB}.Debug|x64.ActiveCfg = Debug|x64
		{E098FCBC-55E5-4D1F-92C6-8C305A7306FB}.Debug|x64.Build.0 = Debug|x64
		{E098FCBC-55E5-4D1F-92C6-8C305A7306FB}.Release|Any CPU.ActiveCfg = Release|Win32
		{E098FCBC-55E5-4D1F-92C6-8C305A7306FB}.Release|Win32.ActiveCfg = Release|Win32
		{E098FCBC-55E5-4D1F-92C6-8C305A7306FB}.Release|Win32.Build.0 = Release|Win32
		{E098FCBC-55E5-4D1F-92C6-8C305A7306FB}.Release|x64.ActiveCfg = Release|x64
		{E098FCBC-55E5-4D1F-92C6-8C305A7306FB}.Release|x64.Build.0 = Release|x64
		{1318B8F1-23F7-41F3-9D25-4A6E22440559}.Debug|Any CPU.ActiveCfg = Debug|Win32
		{1318B8F1-23F7-41F3-9D25-4A6E22440559}.Debug|Win32.ActiveCfg = Debug|Win32
		{1318B8F1-23F7-41F3-9D25-4A6E22440559}.Debug|Win32.Build.0 = Debug|Win32
		{1318B8F1-23F7-41F3-9D25-4A6E22440559}.Debug|x64.ActiveCfg = Debug|x64
		{1318B8F1-23F7-41F3-9D25-4A6E22440559}.Debug|x64.Build.0 = Debug|x64
		{1318B8F1-23F7-41F3-9D25-4A6E22440559}.Release|Any CPU.ActiveCfg = Release|Win32
		{1318B8F1-23F7-41F3-9D25-4A6E22440559}.Release|Win32.ActiveCfg = Release|Win32
		{1318B8F1-23F7-41F3-9D25-4A6E22440559}.Release|Win32.Build.0 = Release|Win32
		{1318B8F1-23F7-41F3-9D25-4A6E22440559}.Release|x64.ActiveCfg = Release|x64
		{1318B8F1-23F7-41F3-9D25-4A6E22440559}.Release|x64.Build.0 = Release|x64
		{D3673767-EA97-4DD2-B4A2-72FECF094CC9}.Debug|Any CPU.ActiveCfg = Debug|Any CPU
		{D3673767-EA97-4DD2-B4A2-72FECF094CC9}.Debug|Any CPU.Build.0 = Debug|Any CPU
		{D3673767-EA97-4DD2-B4A2-72FECF094CC9}.Debug|Win32.ActiveCfg = Debug|Any CPU
		{D3673767-EA97-4DD2-B4A2-72FECF094CC9}.Debug|Win32.Build.0 = Debug|Any CPU
		{D3673767-EA97-4DD2-B4A2-72FECF094CC9}.Debug|x64.ActiveCfg = Debug|Any CPU
		{D3673767-EA97-4DD2-B4A2-72FECF094CC9}.Debug|x64.Build.0 = Debug|Any CPU
		{D3673767-EA97-4DD2-B4A2-72FECF094CC9}.Release|Any CPU.ActiveCfg = Release|Any CPU
		{D3673767-EA97-4DD2-B4A2-72FECF094CC9}.Release|Any CPU.Build.0 = Release|Any CPU
		{D3673767-EA97-4DD2-B4A2-72FECF094CC9}.Release|Win32.ActiveCfg = Release|Any CPU
		{D3673767-EA97-4DD2-B4A2-72FECF094CC9}.Release|Win32.Build.0 = Release|Any CPU
		{D3673767-EA97-4DD2-B4A2-72FECF094CC9}.Release|x64.ActiveCfg = Release|Any CPU
		{D3673767-EA97-4DD2-B4A2-72FECF094CC9}.Release|x64.Build.0 = Release|Any CPU
		{E8A169C6-94C6-4627-BFE6-A01CCB356154}.Debug|Any CPU.ActiveCfg = Debug|Any CPU
		{E8A169C6-94C6-4627-BFE6-A01CCB356154}.Debug|Any CPU.Build.0 = Debug|Any CPU
		{E8A169C6-94C6-4627-BFE6-A01CCB356154}.Debug|Win32.ActiveCfg = Debug|Any CPU
		{E8A169C6-94C6-4627-BFE6-A01CCB356154}.Debug|Win32.Build.0 = Debug|Any CPU
		{E8A169C6-94C6-4627-BFE6-A01CCB356154}.Debug|x64.ActiveCfg = Debug|Any CPU
		{E8A169C6-94C6-4627-BFE6-A01CCB356154}.Debug|x64.Build.0 = Debug|Any CPU
		{E8A169C6-94C6-4627-BFE6-A01CCB356154}.Release|Any CPU.ActiveCfg = Release|Any CPU
		{E8A169C6-94C6-4627-BFE6-A01CCB356154}.Release|Any CPU.Build.0 = Release|Any CPU
		{E8A169C6-94C6-4627-BFE6-A01CCB356154}.Release|Win32.ActiveCfg = Release|Any CPU
		{E8A169C6-94C6-4627-BFE6-A01CCB356154}.Release|Win32.Build.0 = Release|Any CPU
		{E8A169C6-94C6-4627-BFE6-A01CCB356154}.Release|x64.ActiveCfg = Release|Any CPU
		{E8A169C6-94C6-4627-BFE6-A01CCB356154}.Release|x64.Build.0 = Release|Any CPU
		{EA4263CA-4324-4C65-A20D-CEA9C920AFA1}.Debug|Any CPU.ActiveCfg = Debug|Any CPU
		{EA4263CA-4324-4C65-A20D-CEA9C920AFA1}.Debug|Any CPU.Build.0 = Debug|Any CPU
		{EA4263CA-4324-4C65-A20D-CEA9C920AFA1}.Debug|Win32.ActiveCfg = Debug|Any CPU
		{EA4263CA-4324-4C65-A20D-CEA9C920AFA1}.Debug|Win32.Build.0 = Debug|Any CPU
		{EA4263CA-4324-4C65-A20D-CEA9C920AFA1}.Debug|x64.ActiveCfg = Debug|Any CPU
		{EA4263CA-4324-4C65-A20D-CEA9C920AFA1}.Debug|x64.Build.0 = Debug|Any CPU
		{EA4263CA-4324-4C65-A20D-CEA9C920AFA1}.Release|Any CPU.ActiveCfg = Release|Any CPU
		{EA4263CA-4324-4C65-A20D-CEA9C920AFA1}.Release|Any CPU.Build.0 = Release|Any CPU
		{EA4263CA-4324-4C65-A20D-CEA9C920AFA1}.Release|Win32.ActiveCfg = Release|Any CPU
		{EA4263CA-4324-4C65-A20D-CEA9C920AFA1}.Release|Win32.Build.0 = Release|Any CPU
		{EA4263CA-4324-4C65-A20D-CEA9C920AFA1}.Release|x64.ActiveCfg = Release|Any CPU
		{EA4263CA-4324-4C65-A20D-CEA9C920AFA1}.Release|x64.Build.0 = Release|Any CPU
	EndGlobalSection
	GlobalSection(SolutionProperties) = preSolution
		HideSolutionNode = FALSE
	EndGlobalSection
EndGlobal
